
Microsoft Visual Studio Solution File, Format Version 12.00
# Visual Studio Version 16
VisualStudioVersion = 16.0.29215.179
MinimumVisualStudioVersion = 10.0.40219.1
Project("{FAE04EC0-301F-11D3-BF4B-00C04F79EFBC}") = "Sludinajumu_Portals_NET_BC", "Sludinajumu_Portals_NET_BC\Sludinajumu_Portals_NET_BC.csproj", "{AD9E60D4-52F8-439B-BCEA-A33E595ED562}"
EndProject
Global
	GlobalSection(SolutionConfigurationPlatforms) = preSolution
		Debug|Any CPU = Debug|Any CPU
		Release|Any CPU = Release|Any CPU
	EndGlobalSection
	GlobalSection(ProjectConfigurationPlatforms) = postSolution
		{AD9E60D4-52F8-439B-BCEA-A33E595ED562}.Debug|Any CPU.ActiveCfg = Debug|Any CPU
		{AD9E60D4-52F8-439B-BCEA-A33E595ED562}.Debug|Any CPU.Build.0 = Debug|Any CPU
		{AD9E60D4-52F8-439B-BCEA-A33E595ED562}.Release|Any CPU.ActiveCfg = Release|Any CPU
		{AD9E60D4-52F8-439B-BCEA-A33E595ED562}.Release|Any CPU.Build.0 = Release|Any CPU
	EndGlobalSection
	GlobalSection(SolutionProperties) = preSolution
		HideSolutionNode = FALSE
	EndGlobalSection
	GlobalSection(ExtensibilityGlobals) = postSolution
		SolutionGuid = {94711157-E07F-4BFB-BB70-EECFE13292DB}
	EndGlobalSection
EndGlobal
